// !$*UTF8*$!
{
	archiveVersion = 1;
	classes = {
	};
	objectVersion = 50;
	objects = {

/* Begin PBXBuildFile section */
		408FF61F260A7A6900C28F7E /* AppDelegate.swift in Sources */ = {isa = PBXBuildFile; fileRef = 408FF61E260A7A6900C28F7E /* AppDelegate.swift */; };
		408FF621260A7A6900C28F7E /* SceneDelegate.swift in Sources */ = {isa = PBXBuildFile; fileRef = 408FF620260A7A6900C28F7E /* SceneDelegate.swift */; };
		408FF623260A7A6900C28F7E /* ViewController.swift in Sources */ = {isa = PBXBuildFile; fileRef = 408FF622260A7A6900C28F7E /* ViewController.swift */; };
		408FF626260A7A6900C28F7E /* Main.storyboard in Resources */ = {isa = PBXBuildFile; fileRef = 408FF624260A7A6900C28F7E /* Main.storyboard */; };
		408FF628260A7A6B00C28F7E /* Assets.xcassets in Resources */ = {isa = PBXBuildFile; fileRef = 408FF627260A7A6B00C28F7E /* Assets.xcassets */; };
		408FF62B260A7A6B00C28F7E /* LaunchScreen.storyboard in Resources */ = {isa = PBXBuildFile; fileRef = 408FF629260A7A6B00C28F7E /* LaunchScreen.storyboard */; };
		408FF636260A7A6B00C28F7E /* iTunes_SearchTests.swift in Sources */ = {isa = PBXBuildFile; fileRef = 408FF635260A7A6B00C28F7E /* iTunes_SearchTests.swift */; };
		408FF641260A7A6B00C28F7E /* iTunes_SearchUITests.swift in Sources */ = {isa = PBXBuildFile; fileRef = 408FF640260A7A6B00C28F7E /* iTunes_SearchUITests.swift */; };
		408FF657260A7B0200C28F7E /* SearchView.swift in Sources */ = {isa = PBXBuildFile; fileRef = 408FF651260A7B0200C28F7E /* SearchView.swift */; };
		408FF658260A7B0200C28F7E /* ItunesTableViewCell.swift in Sources */ = {isa = PBXBuildFile; fileRef = 408FF652260A7B0200C28F7E /* ItunesTableViewCell.swift */; };
		408FF659260A7B0200C28F7E /* MainViewController.swift in Sources */ = {isa = PBXBuildFile; fileRef = 408FF653260A7B0200C28F7E /* MainViewController.swift */; };
		408FF65A260A7B0200C28F7E /* Codables.swift in Sources */ = {isa = PBXBuildFile; fileRef = 408FF654260A7B0200C28F7E /* Codables.swift */; };
		408FF65B260A7B0200C28F7E /* SearchTableViewController.swift in Sources */ = {isa = PBXBuildFile; fileRef = 408FF655260A7B0200C28F7E /* SearchTableViewController.swift */; };
		408FF65C260A7B0200C28F7E /* Network.swift in Sources */ = {isa = PBXBuildFile; fileRef = 408FF656260A7B0200C28F7E /* Network.swift */; };
/* End PBXBuildFile section */

/* Begin PBXContainerItemProxy section */
		408FF632260A7A6B00C28F7E /* PBXContainerItemProxy */ = {
			isa = PBXContainerItemProxy;
			containerPortal = 408FF613260A7A6900C28F7E /* Project object */;
			proxyType = 1;
			remoteGlobalIDString = 408FF61A260A7A6900C28F7E;
			remoteInfo = "iTunes Search";
		};
		408FF63D260A7A6B00C28F7E /* PBXContainerItemProxy */ = {
			isa = PBXContainerItemProxy;
			containerPortal = 408FF613260A7A6900C28F7E /* Project object */;
			proxyType = 1;
			remoteGlobalIDString = 408FF61A260A7A6900C28F7E;
			remoteInfo = "iTunes Search";
		};
/* End PBXContainerItemProxy section */

/* Begin PBXFileReference section */
		408FF61B260A7A6900C28F7E /* iTunes Search.app */ = {isa = PBXFileReference; explicitFileType = wrapper.application; includeInIndex = 0; path = "iTunes Search.app"; sourceTree = BUILT_PRODUCTS_DIR; };
		408FF61E260A7A6900C28F7E /* AppDelegate.swift */ = {isa = PBXFileReference; lastKnownFileType = sourcecode.swift; path = AppDelegate.swift; sourceTree = "<group>"; };
		408FF620260A7A6900C28F7E /* SceneDelegate.swift */ = {isa = PBXFileReference; lastKnownFileType = sourcecode.swift; path = SceneDelegate.swift; sourceTree = "<group>"; };
		408FF622260A7A6900C28F7E /* ViewController.swift */ = {isa = PBXFileReference; lastKnownFileType = sourcecode.swift; path = ViewController.swift; sourceTree = "<group>"; };
		408FF625260A7A6900C28F7E /* Base */ = {isa = PBXFileReference; lastKnownFileType = file.storyboard; name = Base; path = Base.lproj/Main.storyboard; sourceTree = "<group>"; };
		408FF627260A7A6B00C28F7E /* Assets.xcassets */ = {isa = PBXFileReference; lastKnownFileType = folder.assetcatalog; path = Assets.xcassets; sourceTree = "<group>"; };
		408FF62A260A7A6B00C28F7E /* Base */ = {isa = PBXFileReference; lastKnownFileType = file.storyboard; name = Base; path = Base.lproj/LaunchScreen.storyboard; sourceTree = "<group>"; };
		408FF62C260A7A6B00C28F7E /* Info.plist */ = {isa = PBXFileReference; lastKnownFileType = text.plist.xml; path = Info.plist; sourceTree = "<group>"; };
		408FF631260A7A6B00C28F7E /* iTunes SearchTests.xctest */ = {isa = PBXFileReference; explicitFileType = wrapper.cfbundle; includeInIndex = 0; path = "iTunes SearchTests.xctest"; sourceTree = BUILT_PRODUCTS_DIR; };
		408FF635260A7A6B00C28F7E /* iTunes_SearchTests.swift */ = {isa = PBXFileReference; lastKnownFileType = sourcecode.swift; path = iTunes_SearchTests.swift; sourceTree = "<group>"; };
		408FF637260A7A6B00C28F7E /* Info.plist */ = {isa = PBXFileReference; lastKnownFileType = text.plist.xml; path = Info.plist; sourceTree = "<group>"; };
		408FF63C260A7A6B00C28F7E /* iTunes SearchUITests.xctest */ = {isa = PBXFileReference; explicitFileType = wrapper.cfbundle; includeInIndex = 0; path = "iTunes SearchUITests.xctest"; sourceTree = BUILT_PRODUCTS_DIR; };
		408FF640260A7A6B00C28F7E /* iTunes_SearchUITests.swift */ = {isa = PBXFileReference; lastKnownFileType = sourcecode.swift; path = iTunes_SearchUITests.swift; sourceTree = "<group>"; };
		408FF642260A7A6B00C28F7E /* Info.plist */ = {isa = PBXFileReference; lastKnownFileType = text.plist.xml; path = Info.plist; sourceTree = "<group>"; };
		408FF651260A7B0200C28F7E /* SearchView.swift */ = {isa = PBXFileReference; fileEncoding = 4; lastKnownFileType = sourcecode.swift; path = SearchView.swift; sourceTree = "<group>"; };
		408FF652260A7B0200C28F7E /* ItunesTableViewCell.swift */ = {isa = PBXFileReference; fileEncoding = 4; lastKnownFileType = sourcecode.swift; path = ItunesTableViewCell.swift; sourceTree = "<group>"; };
		408FF653260A7B0200C28F7E /* MainViewController.swift */ = {isa = PBXFileReference; fileEncoding = 4; lastKnownFileType = sourcecode.swift; path = MainViewController.swift; sourceTree = "<group>"; };
		408FF654260A7B0200C28F7E /* Codables.swift */ = {isa = PBXFileReference; fileEncoding = 4; lastKnownFileType = sourcecode.swift; path = Codables.swift; sourceTree = "<group>"; };
		408FF655260A7B0200C28F7E /* SearchTableViewController.swift */ = {isa = PBXFileReference; fileEncoding = 4; lastKnownFileType = sourcecode.swift; path = SearchTableViewController.swift; sourceTree = "<group>"; };
		408FF656260A7B0200C28F7E /* Network.swift */ = {isa = PBXFileReference; fileEncoding = 4; lastKnownFileType = sourcecode.swift; path = Network.swift; sourceTree = "<group>"; };
/* End PBXFileReference section */

/* Begin PBXFrameworksBuildPhase section */
		408FF618260A7A6900C28F7E /* Frameworks */ = {
			isa = PBXFrameworksBuildPhase;
			buildActionMask = 2147483647;
			files = (
			);
			runOnlyForDeploymentPostprocessing = 0;
		};
		408FF62E260A7A6B00C28F7E /* Frameworks */ = {
			isa = PBXFrameworksBuildPhase;
			buildActionMask = 2147483647;
			files = (
			);
			runOnlyForDeploymentPostprocessing = 0;
		};
		408FF639260A7A6B00C28F7E /* Frameworks */ = {
			isa = PBXFrameworksBuildPhase;
			buildActionMask = 2147483647;
			files = (
			);
			runOnlyForDeploymentPostprocessing = 0;
		};
/* End PBXFrameworksBuildPhase section */

/* Begin PBXGroup section */
		408FF612260A7A6900C28F7E = {
			isa = PBXGroup;
			children = (
				408FF61D260A7A6900C28F7E /* iTunes Search */,
				408FF634260A7A6B00C28F7E /* iTunes SearchTests */,
				408FF63F260A7A6B00C28F7E /* iTunes SearchUITests */,
				408FF61C260A7A6900C28F7E /* Products */,
			);
			sourceTree = "<group>";
		};
		408FF61C260A7A6900C28F7E /* Products */ = {
			isa = PBXGroup;
			children = (
				408FF61B260A7A6900C28F7E /* iTunes Search.app */,
				408FF631260A7A6B00C28F7E /* iTunes SearchTests.xctest */,
				408FF63C260A7A6B00C28F7E /* iTunes SearchUITests.xctest */,
			);
			name = Products;
			sourceTree = "<group>";
		};
		408FF61D260A7A6900C28F7E /* iTunes Search */ = {
			isa = PBXGroup;
			children = (
				408FF654260A7B0200C28F7E /* Codables.swift */,
				408FF652260A7B0200C28F7E /* ItunesTableViewCell.swift */,
				408FF653260A7B0200C28F7E /* MainViewController.swift */,
				408FF656260A7B0200C28F7E /* Network.swift */,
				408FF655260A7B0200C28F7E /* SearchTableViewController.swift */,
				408FF651260A7B0200C28F7E /* SearchView.swift */,
				408FF61E260A7A6900C28F7E /* AppDelegate.swift */,
				408FF620260A7A6900C28F7E /* SceneDelegate.swift */,
				408FF622260A7A6900C28F7E /* ViewController.swift */,
				408FF624260A7A6900C28F7E /* Main.storyboard */,
				408FF627260A7A6B00C28F7E /* Assets.xcassets */,
				408FF629260A7A6B00C28F7E /* LaunchScreen.storyboard */,
				408FF62C260A7A6B00C28F7E /* Info.plist */,
			);
			path = "iTunes Search";
			sourceTree = "<group>";
		};
		408FF634260A7A6B00C28F7E /* iTunes SearchTests */ = {
			isa = PBXGroup;
			children = (
				408FF635260A7A6B00C28F7E /* iTunes_SearchTests.swift */,
				408FF637260A7A6B00C28F7E /* Info.plist */,
			);
			path = "iTunes SearchTests";
			sourceTree = "<group>";
		};
		408FF63F260A7A6B00C28F7E /* iTunes SearchUITests */ = {
			isa = PBXGroup;
			children = (
				408FF640260A7A6B00C28F7E /* iTunes_SearchUITests.swift */,
				408FF642260A7A6B00C28F7E /* Info.plist */,
			);
			path = "iTunes SearchUITests";
			sourceTree = "<group>";
		};
/* End PBXGroup section */

/* Begin PBXNativeTarget section */
		408FF61A260A7A6900C28F7E /* iTunes Search */ = {
			isa = PBXNativeTarget;
			buildConfigurationList = 408FF645260A7A6B00C28F7E /* Build configuration list for PBXNativeTarget "iTunes Search" */;
			buildPhases = (
				408FF617260A7A6900C28F7E /* Sources */,
				408FF618260A7A6900C28F7E /* Frameworks */,
				408FF619260A7A6900C28F7E /* Resources */,
			);
			buildRules = (
			);
			dependencies = (
			);
			name = "iTunes Search";
			productName = "iTunes Search";
			productReference = 408FF61B260A7A6900C28F7E /* iTunes Search.app */;
			productType = "com.apple.product-type.application";
		};
		408FF630260A7A6B00C28F7E /* iTunes SearchTests */ = {
			isa = PBXNativeTarget;
			buildConfigurationList = 408FF648260A7A6B00C28F7E /* Build configuration list for PBXNativeTarget "iTunes SearchTests" */;
			buildPhases = (
				408FF62D260A7A6B00C28F7E /* Sources */,
				408FF62E260A7A6B00C28F7E /* Frameworks */,
				408FF62F260A7A6B00C28F7E /* Resources */,
			);
			buildRules = (
			);
			dependencies = (
				408FF633260A7A6B00C28F7E /* PBXTargetDependency */,
			);
			name = "iTunes SearchTests";
			productName = "iTunes SearchTests";
			productReference = 408FF631260A7A6B00C28F7E /* iTunes SearchTests.xctest */;
			productType = "com.apple.product-type.bundle.unit-test";
		};
		408FF63B260A7A6B00C28F7E /* iTunes SearchUITests */ = {
			isa = PBXNativeTarget;
			buildConfigurationList = 408FF64B260A7A6B00C28F7E /* Build configuration list for PBXNativeTarget "iTunes SearchUITests" */;
			buildPhases = (
				408FF638260A7A6B00C28F7E /* Sources */,
				408FF639260A7A6B00C28F7E /* Frameworks */,
				408FF63A260A7A6B00C28F7E /* Resources */,
			);
			buildRules = (
			);
			dependencies = (
				408FF63E260A7A6B00C28F7E /* PBXTargetDependency */,
			);
			name = "iTunes SearchUITests";
			productName = "iTunes SearchUITests";
			productReference = 408FF63C260A7A6B00C28F7E /* iTunes SearchUITests.xctest */;
			productType = "com.apple.product-type.bundle.ui-testing";
		};
/* End PBXNativeTarget section */

/* Begin PBXProject section */
		408FF613260A7A6900C28F7E /* Project object */ = {
			isa = PBXProject;
			attributes = {
				LastSwiftUpdateCheck = 1240;
				LastUpgradeCheck = 1240;
				TargetAttributes = {
					408FF61A260A7A6900C28F7E = {
						CreatedOnToolsVersion = 12.4;
					};
					408FF630260A7A6B00C28F7E = {
						CreatedOnToolsVersion = 12.4;
						TestTargetID = 408FF61A260A7A6900C28F7E;
					};
					408FF63B260A7A6B00C28F7E = {
						CreatedOnToolsVersion = 12.4;
						TestTargetID = 408FF61A260A7A6900C28F7E;
					};
				};
			};
			buildConfigurationList = 408FF616260A7A6900C28F7E /* Build configuration list for PBXProject "iTunes Search" */;
			compatibilityVersion = "Xcode 9.3";
			developmentRegion = en;
			hasScannedForEncodings = 0;
			knownRegions = (
				en,
				Base,
			);
			mainGroup = 408FF612260A7A6900C28F7E;
			productRefGroup = 408FF61C260A7A6900C28F7E /* Products */;
			projectDirPath = "";
			projectRoot = "";
			targets = (
				408FF61A260A7A6900C28F7E /* iTunes Search */,
				408FF630260A7A6B00C28F7E /* iTunes SearchTests */,
				408FF63B260A7A6B00C28F7E /* iTunes SearchUITests */,
			);
		};
/* End PBXProject section */

/* Begin PBXResourcesBuildPhase section */
		408FF619260A7A6900C28F7E /* Resources */ = {
			isa = PBXResourcesBuildPhase;
			buildActionMask = 2147483647;
			files = (
				408FF62B260A7A6B00C28F7E /* LaunchScreen.storyboard in Resources */,
				408FF628260A7A6B00C28F7E /* Assets.xcassets in Resources */,
				408FF626260A7A6900C28F7E /* Main.storyboard in Resources */,
			);
			runOnlyForDeploymentPostprocessing = 0;
		};
		408FF62F260A7A6B00C28F7E /* Resources */ = {
			isa = PBXResourcesBuildPhase;
			buildActionMask = 2147483647;
			files = (
			);
			runOnlyForDeploymentPostprocessing = 0;
		};
		408FF63A260A7A6B00C28F7E /* Resources */ = {
			isa = PBXResourcesBuildPhase;
			buildActionMask = 2147483647;
			files = (
			);
			runOnlyForDeploymentPostprocessing = 0;
		};
/* End PBXResourcesBuildPhase section */

/* Begin PBXSourcesBuildPhase section */
		408FF617260A7A6900C28F7E /* Sources */ = {
			isa = PBXSourcesBuildPhase;
			buildActionMask = 2147483647;
			files = (
				408FF657260A7B0200C28F7E /* SearchView.swift in Sources */,
				408FF623260A7A6900C28F7E /* ViewController.swift in Sources */,
				408FF61F260A7A6900C28F7E /* AppDelegate.swift in Sources */,
				408FF659260A7B0200C28F7E /* MainViewController.swift in Sources */,
				408FF65A260A7B0200C28F7E /* Codables.swift in Sources */,
				408FF65C260A7B0200C28F7E /* Network.swift in Sources */,
				408FF621260A7A6900C28F7E /* SceneDelegate.swift in Sources */,
				408FF658260A7B0200C28F7E /* ItunesTableViewCell.swift in Sources */,
				408FF65B260A7B0200C28F7E /* SearchTableViewController.swift in Sources */,
			);
			runOnlyForDeploymentPostprocessing = 0;
		};
		408FF62D260A7A6B00C28F7E /* Sources */ = {
			isa = PBXSourcesBuildPhase;
			buildActionMask = 2147483647;
			files = (
				408FF636260A7A6B00C28F7E /* iTunes_SearchTests.swift in Sources */,
			);
			runOnlyForDeploymentPostprocessing = 0;
		};
		408FF638260A7A6B00C28F7E /* Sources */ = {
			isa = PBXSourcesBuildPhase;
			buildActionMask = 2147483647;
			files = (
				408FF641260A7A6B00C28F7E /* iTunes_SearchUITests.swift in Sources */,
			);
			runOnlyForDeploymentPostprocessing = 0;
		};
/* End PBXSourcesBuildPhase section */

/* Begin PBXTargetDependency section */
		408FF633260A7A6B00C28F7E /* PBXTargetDependency */ = {
			isa = PBXTargetDependency;
			target = 408FF61A260A7A6900C28F7E /* iTunes Search */;
			targetProxy = 408FF632260A7A6B00C28F7E /* PBXContainerItemProxy */;
		};
		408FF63E260A7A6B00C28F7E /* PBXTargetDependency */ = {
			isa = PBXTargetDependency;
			target = 408FF61A260A7A6900C28F7E /* iTunes Search */;
			targetProxy = 408FF63D260A7A6B00C28F7E /* PBXContainerItemProxy */;
		};
/* End PBXTargetDependency section */

/* Begin PBXVariantGroup section */
		408FF624260A7A6900C28F7E /* Main.storyboard */ = {
			isa = PBXVariantGroup;
			children = (
				408FF625260A7A6900C28F7E /* Base */,
			);
			name = Main.storyboard;
			sourceTree = "<group>";
		};
		408FF629260A7A6B00C28F7E /* LaunchScreen.storyboard */ = {
			isa = PBXVariantGroup;
			children = (
				408FF62A260A7A6B00C28F7E /* Base */,
			);
			name = LaunchScreen.storyboard;
			sourceTree = "<group>";
		};
/* End PBXVariantGroup section */

/* Begin XCBuildConfiguration section */
		408FF643260A7A6B00C28F7E /* Debug */ = {
			isa = XCBuildConfiguration;
			buildSettings = {
				ALWAYS_SEARCH_USER_PATHS = NO;
				CLANG_ANALYZER_NONNULL = YES;
				CLANG_ANALYZER_NUMBER_OBJECT_CONVERSION = YES_AGGRESSIVE;
				CLANG_CXX_LANGUAGE_STANDARD = "gnu++14";
				CLANG_CXX_LIBRARY = "libc++";
				CLANG_ENABLE_MODULES = YES;
				CLANG_ENABLE_OBJC_ARC = YES;
				CLANG_ENABLE_OBJC_WEAK = YES;
				CLANG_WARN_BLOCK_CAPTURE_AUTORELEASING = YES;
				CLANG_WARN_BOOL_CONVERSION = YES;
				CLANG_WARN_COMMA = YES;
				CLANG_WARN_CONSTANT_CONVERSION = YES;
				CLANG_WARN_DEPRECATED_OBJC_IMPLEMENTATIONS = YES;
				CLANG_WARN_DIRECT_OBJC_ISA_USAGE = YES_ERROR;
				CLANG_WARN_DOCUMENTATION_COMMENTS = YES;
				CLANG_WARN_EMPTY_BODY = YES;
				CLANG_WARN_ENUM_CONVERSION = YES;
				CLANG_WARN_INFINITE_RECURSION = YES;
				CLANG_WARN_INT_CONVERSION = YES;
				CLANG_WARN_NON_LITERAL_NULL_CONVERSION = YES;
				CLANG_WARN_OBJC_IMPLICIT_RETAIN_SELF = YES;
				CLANG_WARN_OBJC_LITERAL_CONVERSION = YES;
				CLANG_WARN_OBJC_ROOT_CLASS = YES_ERROR;
				CLANG_WARN_QUOTED_INCLUDE_IN_FRAMEWORK_HEADER = YES;
				CLANG_WARN_RANGE_LOOP_ANALYSIS = YES;
				CLANG_WARN_STRICT_PROTOTYPES = YES;
				CLANG_WARN_SUSPICIOUS_MOVE = YES;
				CLANG_WARN_UNGUARDED_AVAILABILITY = YES_AGGRESSIVE;
				CLANG_WARN_UNREACHABLE_CODE = YES;
				CLANG_WARN__DUPLICATE_METHOD_MATCH = YES;
				COPY_PHASE_STRIP = NO;
				DEBUG_INFORMATION_FORMAT = dwarf;
				ENABLE_STRICT_OBJC_MSGSEND = YES;
				ENABLE_TESTABILITY = YES;
				GCC_C_LANGUAGE_STANDARD = gnu11;
				GCC_DYNAMIC_NO_PIC = NO;
				GCC_NO_COMMON_BLOCKS = YES;
				GCC_OPTIMIZATION_LEVEL = 0;
				GCC_PREPROCESSOR_DEFINITIONS = (
					"DEBUG=1",
					"$(inherited)",
				);
				GCC_WARN_64_TO_32_BIT_CONVERSION = YES;
				GCC_WARN_ABOUT_RETURN_TYPE = YES_ERROR;
				GCC_WARN_UNDECLARED_SELECTOR = YES;
				GCC_WARN_UNINITIALIZED_AUTOS = YES_AGGRESSIVE;
				GCC_WARN_UNUSED_FUNCTION = YES;
				GCC_WARN_UNUSED_VARIABLE = YES;
				IPHONEOS_DEPLOYMENT_TARGET = 14.4;
				MTL_ENABLE_DEBUG_INFO = INCLUDE_SOURCE;
				MTL_FAST_MATH = YES;
				ONLY_ACTIVE_ARCH = YES;
				SDKROOT = iphoneos;
				SWIFT_ACTIVE_COMPILATION_CONDITIONS = DEBUG;
				SWIFT_OPTIMIZATION_LEVEL = "-Onone";
			};
			name = Debug;
		};
		408FF644260A7A6B00C28F7E /* Release */ = {
			isa = XCBuildConfiguration;
			buildSettings = {
				ALWAYS_SEARCH_USER_PATHS = NO;
				CLANG_ANALYZER_NONNULL = YES;
				CLANG_ANALYZER_NUMBER_OBJECT_CONVERSION = YES_AGGRESSIVE;
				CLANG_CXX_LANGUAGE_STANDARD = "gnu++14";
				CLANG_CXX_LIBRARY = "libc++";
				CLANG_ENABLE_MODULES = YES;
				CLANG_ENABLE_OBJC_ARC = YES;
				CLANG_ENABLE_OBJC_WEAK = YES;
				CLANG_WARN_BLOCK_CAPTURE_AUTORELEASING = YES;
				CLANG_WARN_BOOL_CONVERSION = YES;
				CLANG_WARN_COMMA = YES;
				CLANG_WARN_CONSTANT_CONVERSION = YES;
				CLANG_WARN_DEPRECATED_OBJC_IMPLEMENTATIONS = YES;
				CLANG_WARN_DIRECT_OBJC_ISA_USAGE = YES_ERROR;
				CLANG_WARN_DOCUMENTATION_COMMENTS = YES;
				CLANG_WARN_EMPTY_BODY = YES;
				CLANG_WARN_ENUM_CONVERSION = YES;
				CLANG_WARN_INFINITE_RECURSION = YES;
				CLANG_WARN_INT_CONVERSION = YES;
				CLANG_WARN_NON_LITERAL_NULL_CONVERSION = YES;
				CLANG_WARN_OBJC_IMPLICIT_RETAIN_SELF = YES;
				CLANG_WARN_OBJC_LITERAL_CONVERSION = YES;
				CLANG_WARN_OBJC_ROOT_CLASS = YES_ERROR;
				CLANG_WARN_QUOTED_INCLUDE_IN_FRAMEWORK_HEADER = YES;
				CLANG_WARN_RANGE_LOOP_ANALYSIS = YES;
				CLANG_WARN_STRICT_PROTOTYPES = YES;
				CLANG_WARN_SUSPICIOUS_MOVE = YES;
				CLANG_WARN_UNGUARDED_AVAILABILITY = YES_AGGRESSIVE;
				CLANG_WARN_UNREACHABLE_CODE = YES;
				CLANG_WARN__DUPLICATE_METHOD_MATCH = YES;
				COPY_PHASE_STRIP = NO;
				DEBUG_INFORMATION_FORMAT = "dwarf-with-dsym";
				ENABLE_NS_ASSERTIONS = NO;
				ENABLE_STRICT_OBJC_MSGSEND = YES;
				GCC_C_LANGUAGE_STANDARD = gnu11;
				GCC_NO_COMMON_BLOCKS = YES;
				GCC_WARN_64_TO_32_BIT_CONVERSION = YES;
				GCC_WARN_ABOUT_RETURN_TYPE = YES_ERROR;
				GCC_WARN_UNDECLARED_SELECTOR = YES;
				GCC_WARN_UNINITIALIZED_AUTOS = YES_AGGRESSIVE;
				GCC_WARN_UNUSED_FUNCTION = YES;
				GCC_WARN_UNUSED_VARIABLE = YES;
				IPHONEOS_DEPLOYMENT_TARGET = 14.4;
				MTL_ENABLE_DEBUG_INFO = NO;
				MTL_FAST_MATH = YES;
				SDKROOT = iphoneos;
				SWIFT_COMPILATION_MODE = wholemodule;
				SWIFT_OPTIMIZATION_LEVEL = "-O";
				VALIDATE_PRODUCT = YES;
			};
			name = Release;
		};
		408FF646260A7A6B00C28F7E /* Debug */ = {
			isa = XCBuildConfiguration;
			buildSettings = {
				ASSETCATALOG_COMPILER_APPICON_NAME = AppIcon;
				ASSETCATALOG_COMPILER_GLOBAL_ACCENT_COLOR_NAME = AccentColor;
				CODE_SIGN_STYLE = Automatic;
				DEVELOPMENT_TEAM = XWE2VMM384;
				INFOPLIST_FILE = "iTunes Search/Info.plist";
				LD_RUNPATH_SEARCH_PATHS = (
					"$(inherited)",
					"@executable_path/Frameworks",
				);
				PRODUCT_BUNDLE_IDENTIFIER = "net.imatic.iTunes-Search";
				PRODUCT_NAME = "$(TARGET_NAME)";
				SWIFT_VERSION = 5.0;
				TARGETED_DEVICE_FAMILY = "1,2";
			};
			name = Debug;
		};
		408FF647260A7A6B00C28F7E /* Release */ = {
			isa = XCBuildConfiguration;
			buildSettings = {
				ASSETCATALOG_COMPILER_APPICON_NAME = AppIcon;
				ASSETCATALOG_COMPILER_GLOBAL_ACCENT_COLOR_NAME = AccentColor;
				CODE_SIGN_STYLE = Automatic;
				DEVELOPMENT_TEAM = XWE2VMM384;
				INFOPLIST_FILE = "iTunes Search/Info.plist";
				LD_RUNPATH_SEARCH_PATHS = (
					"$(inherited)",
					"@executable_path/Frameworks",
				);
				PRODUCT_BUNDLE_IDENTIFIER = "net.imatic.iTunes-Search";
				PRODUCT_NAME = "$(TARGET_NAME)";
				SWIFT_VERSION = 5.0;
				TARGETED_DEVICE_FAMILY = "1,2";
			};
			name = Release;
		};
		408FF649260A7A6B00C28F7E /* Debug */ = {
			isa = XCBuildConfiguration;
			buildSettings = {
				ALWAYS_EMBED_SWIFT_STANDARD_LIBRARIES = YES;
				BUNDLE_LOADER = "$(TEST_HOST)";
				CODE_SIGN_STYLE = Automatic;
				DEVELOPMENT_TEAM = XWE2VMM384;
				INFOPLIST_FILE = "iTunes SearchTests/Info.plist";
				IPHONEOS_DEPLOYMENT_TARGET = 14.4;
				LD_RUNPATH_SEARCH_PATHS = (
					"$(inherited)",
					"@executable_path/Frameworks",
					"@loader_path/Frameworks",
				);
				PRODUCT_BUNDLE_IDENTIFIER = "net.imatic.iTunes-SearchTests";
				PRODUCT_NAME = "$(TARGET_NAME)";
				SWIFT_VERSION = 5.0;
				TARGETED_DEVICE_FAMILY = "1,2";
				TEST_HOST = "$(BUILT_PRODUCTS_DIR)/iTunes Search.app/iTunes Search";
			};
			name = Debug;
		};
		408FF64A260A7A6B00C28F7E /* Release */ = {
			isa = XCBuildConfiguration;
			buildSettings = {
				ALWAYS_EMBED_SWIFT_STANDARD_LIBRARIES = YES;
				BUNDLE_LOADER = "$(TEST_HOST)";
				CODE_SIGN_STYLE = Automatic;
				DEVELOPMENT_TEAM = XWE2VMM384;
				INFOPLIST_FILE = "iTunes SearchTests/Info.plist";
				IPHONEOS_DEPLOYMENT_TARGET = 14.4;
				LD_RUNPATH_SEARCH_PATHS = (
					"$(inherited)",
					"@executable_path/Frameworks",
					"@loader_path/Frameworks",
				);
				PRODUCT_BUNDLE_IDENTIFIER = "net.imatic.iTunes-SearchTests";
				PRODUCT_NAME = "$(TARGET_NAME)";
				SWIFT_VERSION = 5.0;
				TARGETED_DEVICE_FAMILY = "1,2";
				TEST_HOST = "$(BUILT_PRODUCTS_DIR)/iTunes Search.app/iTunes Search";
			};
			name = Release;
		};
		408FF64C260A7A6B00C28F7E /* Debug */ = {
			isa = XCBuildConfiguration;
			buildSettings = {
				ALWAYS_EMBED_SWIFT_STANDARD_LIBRARIES = YES;
				CODE_SIGN_STYLE = Automatic;
				DEVELOPMENT_TEAM = XWE2VMM384;
				INFOPLIST_FILE = "iTunes SearchUITests/Info.plist";
				LD_RUNPATH_SEARCH_PATHS = (
					"$(inherited)",
					"@executable_path/Frameworks",
					"@loader_path/Frameworks",
				);
				PRODUCT_BUNDLE_IDENTIFIER = "net.imatic.iTunes-SearchUITests";
				PRODUCT_NAME = "$(TARGET_NAME)";
				SWIFT_VERSION = 5.0;
				TARGETED_DEVICE_FAMILY = "1,2";
				TEST_TARGET_NAME = "iTunes Search";
			};
			name = Debug;
		};
		408FF64D260A7A6B00C28F7E /* Release */ = {
			isa = XCBuildConfiguration;
			buildSettings = {
				ALWAYS_EMBED_SWIFT_STANDARD_LIBRARIES = YES;
				CODE_SIGN_STYLE = Automatic;
				DEVELOPMENT_TEAM = XWE2VMM384;
				INFOPLIST_FILE = "iTunes SearchUITests/Info.plist";
				LD_RUNPATH_SEARCH_PATHS = (
					"$(inherited)",
					"@executable_path/Frameworks",
					"@loader_path/Frameworks",
				);
				PRODUCT_BUNDLE_IDENTIFIER = "net.imatic.iTunes-SearchUITests";
				PRODUCT_NAME = "$(TARGET_NAME)";
				SWIFT_VERSION = 5.0;
				TARGETED_DEVICE_FAMILY = "1,2";
				TEST_TARGET_NAME = "iTunes Search";
			};
			name = Release;
		};
/* End XCBuildConfiguration section */

/* Begin XCConfigurationList section */
		408FF616260A7A6900C28F7E /* Build configuration list for PBXProject "iTunes Search" */ = {
			isa = XCConfigurationList;
			buildConfigurations = (
				408FF643260A7A6B00C28F7E /* Debug */,
				408FF644260A7A6B00C28F7E /* Release */,
			);
			defaultConfigurationIsVisible = 0;
			defaultConfigurationName = Release;
		};
		408FF645260A7A6B00C28F7E /* Build configuration list for PBXNativeTarget "iTunes Search" */ = {
			isa = XCConfigurationList;
			buildConfigurations = (
				408FF646260A7A6B00C28F7E /* Debug */,
				408FF647260A7A6B00C28F7E /* Release */,
			);
			defaultConfigurationIsVisible = 0;
			defaultConfigurationName = Release;
		};
		408FF648260A7A6B00C28F7E /* Build configuration list for PBXNativeTarget "iTunes SearchTests" */ = {
			isa = XCConfigurationList;
			buildConfigurations = (
				408FF649260A7A6B00C28F7E /* Debug */,
				408FF64A260A7A6B00C28F7E /* Release */,
			);
			defaultConfigurationIsVisible = 0;
			defaultConfigurationName = Release;
		};
		408FF64B260A7A6B00C28F7E /* Build configuration list for PBXNativeTarget "iTunes SearchUITests" */ = {
			isa = XCConfigurationList;
			buildConfigurations = (
				408FF64C260A7A6B00C28F7E /* Debug */,
				408FF64D260A7A6B00C28F7E /* Release */,
			);
			defaultConfigurationIsVisible = 0;
			defaultConfigurationName = Release;
		};
/* End XCConfigurationList section */
	};
	rootObject = 408FF613260A7A6900C28F7E /* Project object */;
}
